uuid: d768887c-f5af-4366-bdc4-c5b5f4b76b63
langcode: da
status: false
dependencies:
  config:
    - contact.form.kontakt_os
  module:
    - contact_block
    - system
  theme:
    - site
id: contactblock
theme: site
region: drawer_left
weight: -1
provider: null
plugin: contact_block
settings:
  id: contact_block
  label: 'Contact block'
  provider: contact_block
  label_display: '0'
  contact_form: kontakt_os
visibility:
  request_path:
    id: request_path
    pages: /kontakt
    negate: false
    context_mapping: {  }
